github.com/espidev/hugo-theme-mini v0.0.0-20220519021656-a799a6bddef2 h1:XikZBZ/SV1qksIMcxX6h9oorcY37A9oKvDLpmaocpvc=
github.com/espidev/hugo-theme-mini v0.0.0-20220519021656-a799a6bddef2/go.mod h1:mGPGyz2QAlCm1OdzuQJpTCEF4kRFcap0h9elTv7UB2o=
github.com/nodejh/hugo-theme-mini v0.0.0-20220519021656-a799a6bddef2 h1:FduQZxNgRrWtjNHVIEsOI5j2mK2TJpGmykpQFGWFbOw=
github.com/nodejh/hugo-theme-mini v0.0.0-20220519021656-a799a6bddef2/go.mod h1:+Rl6qKesH3DeBOjXcmPXB1L/LwD3RqXzopTzon/jv5Q=
